
Microsoft Visual Studio Solution File, Format Version 12.00
# Visual Studio Version 17
VisualStudioVersion = 17.9.34714.143
MinimumVisualStudioVersion = 10.0.40219.1
Project("{2150E333-8FDC-42A3-9474-1A3956D46DE8}") = "src", "src", "{4EFA4A85-4243-46D6-9F46-EA5C41124943}"
EndProject
Project("{9A19103F-16F7-4668-BE54-9A1E7A4F7556}") = "RealtorHubAPI", "src\RealtorHubAPI\RealtorHubAPI.csproj", "{4AA9EA8B-7DF8-490B-BA32-7D42A5AB5406}"
EndProject
Project("{E53339B2-1760-4266-BCC7-CA923CBCF16C}") = "docker-compose", "docker-compose.dcproj", "{2E0C8886-80FD-4E52-915B-81B31FFCF84A}"
EndProject
Global
	GlobalSection(SolutionConfigurationPlatforms) = preSolution
		Debug|Any CPU = Debug|Any CPU
		Release|Any CPU = Release|Any CPU
	EndGlobalSection
	GlobalSection(ProjectConfigurationPlatforms) = postSolution
		{4AA9EA8B-7DF8-490B-BA32-7D42A5AB5406}.Debug|Any CPU.ActiveCfg = Debug|Any CPU
		{4AA9EA8B-7DF8-490B-BA32-7D42A5AB5406}.Debug|Any CPU.Build.0 = Debug|Any CPU
		{4AA9EA8B-7DF8-490B-BA32-7D42A5AB5406}.Release|Any CPU.ActiveCfg = Release|Any CPU
		{4AA9EA8B-7DF8-490B-BA32-7D42A5AB5406}.Release|Any CPU.Build.0 = Release|Any CPU
		{2E0C8886-80FD-4E52-915B-81B31FFCF84A}.Debug|Any CPU.ActiveCfg = Debug|Any CPU
		{2E0C8886-80FD-4E52-915B-81B31FFCF84A}.Debug|Any CPU.Build.0 = Debug|Any CPU
		{2E0C8886-80FD-4E52-915B-81B31FFCF84A}.Release|Any CPU.ActiveCfg = Release|Any CPU
		{2E0C8886-80FD-4E52-915B-81B31FFCF84A}.Release|Any CPU.Build.0 = Release|Any CPU
	EndGlobalSection
	GlobalSection(SolutionProperties) = preSolution
		HideSolutionNode = FALSE
	EndGlobalSection
	GlobalSection(NestedProjects) = preSolution
		{4AA9EA8B-7DF8-490B-BA32-7D42A5AB5406} = {4EFA4A85-4243-46D6-9F46-EA5C41124943}
	EndGlobalSection
	GlobalSection(ExtensibilityGlobals) = postSolution
		SolutionGuid = {F50B1C2A-2DB3-474A-8E60-446F533368C5}
	EndGlobalSection
EndGlobal
